// !$*UTF8*$!
{
	archiveVersion = 1;
	classes = {
	};
	objectVersion = 50;
	objects = {

/* Begin PBXBuildFile section */
		99F418D02486986400E41E6E /* AppDelegate.swift in Sources */ = {isa = PBXBuildFile; fileRef = 99F418CF2486986400E41E6E /* AppDelegate.swift */; };
		99F418D22486986400E41E6E /* SceneDelegate.swift in Sources */ = {isa = PBXBuildFile; fileRef = 99F418D12486986400E41E6E /* SceneDelegate.swift */; };
		99F418D42486986400E41E6E /* ViewController.swift in Sources */ = {isa = PBXBuildFile; fileRef = 99F418D32486986400E41E6E /* ViewController.swift */; };
		99F418D72486986400E41E6E /* Main.storyboard in Resources */ = {isa = PBXBuildFile; fileRef = 99F418D52486986400E41E6E /* Main.storyboard */; };
		99F418D92486986600E41E6E /* Assets.xcassets in Resources */ = {isa = PBXBuildFile; fileRef = 99F418D82486986600E41E6E /* Assets.xcassets */; };
		99F418DC2486986600E41E6E /* LaunchScreen.storyboard in Resources */ = {isa = PBXBuildFile; fileRef = 99F418DA2486986600E41E6E /* LaunchScreen.storyboard */; };
		99F418E4248698AA00E41E6E /* Destinations.swift in Sources */ = {isa = PBXBuildFile; fileRef = 99F418E3248698AA00E41E6E /* Destinations.swift */; };
		99F418E6248698DE00E41E6E /* places.json in Resources */ = {isa = PBXBuildFile; fileRef = 99F418E5248698DE00E41E6E /* places.json */; };
/* End PBXBuildFile section */

/* Begin PBXFileReference section */
		99F418CC2486986400E41E6E /* practiceCodables.app */ = {isa = PBXFileReference; explicitFileType = wrapper.application; includeInIndex = 0; path = practiceCodables.app; sourceTree = BUILT_PRODUCTS_DIR; };
		99F418CF2486986400E41E6E /* AppDelegate.swift */ = {isa = PBXFileReference; lastKnownFileType = sourcecode.swift; path = AppDelegate.swift; sourceTree = "<group>"; };
		99F418D12486986400E41E6E /* SceneDelegate.swift */ = {isa = PBXFileReference; lastKnownFileType = sourcecode.swift; path = SceneDelegate.swift; sourceTree = "<group>"; };
		99F418D32486986400E41E6E /* ViewController.swift */ = {isa = PBXFileReference; lastKnownFileType = sourcecode.swift; path = ViewController.swift; sourceTree = "<group>"; };
		99F418D62486986400E41E6E /* Base */ = {isa = PBXFileReference; lastKnownFileType = file.storyboard; name = Base; path = Base.lproj/Main.storyboard; sourceTree = "<group>"; };
		99F418D82486986600E41E6E /* Assets.xcassets */ = {isa = PBXFileReference; lastKnownFileType = folder.assetcatalog; path = Assets.xcassets; sourceTree = "<group>"; };
		99F418DB2486986600E41E6E /* Base */ = {isa = PBXFileReference; lastKnownFileType = file.storyboard; name = Base; path = Base.lproj/LaunchScreen.storyboard; sourceTree = "<group>"; };
		99F418DD2486986600E41E6E /* Info.plist */ = {isa = PBXFileReference; lastKnownFileType = text.plist.xml; path = Info.plist; sourceTree = "<group>"; };
		99F418E3248698AA00E41E6E /* Destinations.swift */ = {isa = PBXFileReference; lastKnownFileType = sourcecode.swift; path = Destinations.swift; sourceTree = "<group>"; };
		99F418E5248698DE00E41E6E /* places.json */ = {isa = PBXFileReference; lastKnownFileType = text.json; path = places.json; sourceTree = "<group>"; };
/* End PBXFileReference section */

/* Begin PBXFrameworksBuildPhase section */
		99F418C92486986400E41E6E /* Frameworks */ = {
			isa = PBXFrameworksBuildPhase;
			buildActionMask = 2147483647;
			files = (
			);
			runOnlyForDeploymentPostprocessing = 0;
		};
/* End PBXFrameworksBuildPhase section */

/* Begin PBXGroup section */
		99F418C32486986400E41E6E = {
			isa = PBXGroup;
			children = (
				99F418CE2486986400E41E6E /* practiceCodables */,
				99F418CD2486986400E41E6E /* Products */,
			);
			sourceTree = "<group>";
		};
		99F418CD2486986400E41E6E /* Products */ = {
			isa = PBXGroup;
			children = (
				99F418CC2486986400E41E6E /* practiceCodables.app */,
			);
			name = Products;
			sourceTree = "<group>";
		};
		99F418CE2486986400E41E6E /* practiceCodables */ = {
			isa = PBXGroup;
			children = (
				99F418CF2486986400E41E6E /* AppDelegate.swift */,
				99F418D12486986400E41E6E /* SceneDelegate.swift */,
				99F418D32486986400E41E6E /* ViewController.swift */,
				99F418E3248698AA00E41E6E /* Destinations.swift */,
				99F418E5248698DE00E41E6E /* places.json */,
				99F418D52486986400E41E6E /* Main.storyboard */,
				99F418D82486986600E41E6E /* Assets.xcassets */,
				99F418DA2486986600E41E6E /* LaunchScreen.storyboard */,
				99F418DD2486986600E41E6E /* Info.plist */,
			);
			path = practiceCodables;
			sourceTree = "<group>";
		};
/* End PBXGroup section */

/* Begin PBXNativeTarget section */
		99F418CB2486986400E41E6E /* practiceCodables */ = {
			isa = PBXNativeTarget;
			buildConfigurationList = 99F418E02486986600E41E6E /* Build configuration list for PBXNativeTarget "practiceCodables" */;
			buildPhases = (
				99F418C82486986400E41E6E /* Sources */,
				99F418C92486986400E41E6E /* Frameworks */,
				99F418CA2486986400E41E6E /* Resources */,
			);
			buildRules = (
			);
			dependencies = (
			);
			name = practiceCodables;
			productName = practiceCodables;
			productReference = 99F418CC2486986400E41E6E /* practiceCodables.app */;
			productType = "com.apple.product-type.application";
		};
/* End PBXNativeTarget section */

/* Begin PBXProject section */
		99F418C42486986400E41E6E /* Project object */ = {
			isa = PBXProject;
			attributes = {
				LastSwiftUpdateCheck = 1150;
				LastUpgradeCheck = 1150;
				ORGANIZATIONNAME = "Alberto Mancarella";
				TargetAttributes = {
					99F418CB2486986400E41E6E = {
						CreatedOnToolsVersion = 11.5;
					};
				};
			};
			buildConfigurationList = 99F418C72486986400E41E6E /* Build configuration list for PBXProject "practiceCodables" */;
			compatibilityVersion = "Xcode 9.3";
			developmentRegion = en;
			hasScannedForEncodings = 0;
			knownRegions = (
				en,
				Base,
			);
			mainGroup = 99F418C32486986400E41E6E;
			productRefGroup = 99F418CD2486986400E41E6E /* Products */;
			projectDirPath = "";
			projectRoot = "";
			targets = (
				99F418CB2486986400E41E6E /* practiceCodables */,
			);
		};
/* End PBXProject section */

/* Begin PBXResourcesBuildPhase section */
		99F418CA2486986400E41E6E /* Resources */ = {
			isa = PBXResourcesBuildPhase;
			buildActionMask = 2147483647;
			files = (
				99F418DC2486986600E41E6E /* LaunchScreen.storyboard in Resources */,
				99F418D92486986600E41E6E /* Assets.xcassets in Resources */,
				99F418D72486986400E41E6E /* Main.storyboard in Resources */,
				99F418E6248698DE00E41E6E /* places.json in Resources */,
			);
			runOnlyForDeploymentPostprocessing = 0;
		};
/* End PBXResourcesBuildPhase section */

/* Begin PBXSourcesBuildPhase section */
		99F418C82486986400E41E6E /* Sources */ = {
			isa = PBXSourcesBuildPhase;
			buildActionMask = 2147483647;
			files = (
				99F418D42486986400E41E6E /* ViewController.swift in Sources */,
				99F418D02486986400E41E6E /* AppDelegate.swift in Sources */,
				99F418E4248698AA00E41E6E /* Destinations.swift in Sources */,
				99F418D22486986400E41E6E /* SceneDelegate.swift in Sources */,
			);
			runOnlyForDeploymentPostprocessing = 0;
		};
/* End PBXSourcesBuildPhase section */

/* Begin PBXVariantGroup section */
		99F418D52486986400E41E6E /* Main.storyboard */ = {
			isa = PBXVariantGroup;
			children = (
				99F418D62486986400E41E6E /* Base */,
			);
			name = Main.storyboard;
			sourceTree = "<group>";
		};
		99F418DA2486986600E41E6E /* LaunchScreen.storyboard */ = {
			isa = PBXVariantGroup;
			children = (
				99F418DB2486986600E41E6E /* Base */,
			);
			name = LaunchScreen.storyboard;
			sourceTree = "<group>";
		};
/* End PBXVariantGroup section */

/* Begin XCBuildConfiguration section */
		99F418DE2486986600E41E6E /* Debug */ = {
			isa = XCBuildConfiguration;
			buildSettings = {
				ALWAYS_SEARCH_USER_PATHS = NO;
				CLANG_ANALYZER_NONNULL = YES;
				CLANG_ANALYZER_NUMBER_OBJECT_CONVERSION = YES_AGGRESSIVE;
				CLANG_CXX_LANGUAGE_STANDARD = "gnu++14";
				CLANG_CXX_LIBRARY = "libc++";
				CLANG_ENABLE_MODULES = YES;
				CLANG_ENABLE_OBJC_ARC = YES;
				CLANG_ENABLE_OBJC_WEAK = YES;
				CLANG_WARN_BLOCK_CAPTURE_AUTORELEASING = YES;
				CLANG_WARN_BOOL_CONVERSION = YES;
				CLANG_WARN_COMMA = YES;
				CLANG_WARN_CONSTANT_CONVERSION = YES;
				CLANG_WARN_DEPRECATED_OBJC_IMPLEMENTATIONS = YES;
				CLANG_WARN_DIRECT_OBJC_ISA_USAGE = YES_ERROR;
				CLANG_WARN_DOCUMENTATION_COMMENTS = YES;
				CLANG_WARN_EMPTY_BODY = YES;
				CLANG_WARN_ENUM_CONVERSION = YES;
				CLANG_WARN_INFINITE_RECURSION = YES;
				CLANG_WARN_INT_CONVERSION = YES;
				CLANG_WARN_NON_LITERAL_NULL_CONVERSION = YES;
				CLANG_WARN_OBJC_IMPLICIT_RETAIN_SELF = YES;
				CLANG_WARN_OBJC_LITERAL_CONVERSION = YES;
				CLANG_WARN_OBJC_ROOT_CLASS = YES_ERROR;
				CLANG_WARN_RANGE_LOOP_ANALYSIS = YES;
				CLANG_WARN_STRICT_PROTOTYPES = YES;
				CLANG_WARN_SUSPICIOUS_MOVE = YES;
				CLANG_WARN_UNGUARDED_AVAILABILITY = YES_AGGRESSIVE;
				CLANG_WARN_UNREACHABLE_CODE = YES;
				CLANG_WARN__DUPLICATE_METHOD_MATCH = YES;
				COPY_PHASE_STRIP = NO;
				DEBUG_INFORMATION_FORMAT = dwarf;
				ENABLE_STRICT_OBJC_MSGSEND = YES;
				ENABLE_TESTABILITY = YES;
				GCC_C_LANGUAGE_STANDARD = gnu11;
				GCC_DYNAMIC_NO_PIC = NO;
				GCC_NO_COMMON_BLOCKS = YES;
				GCC_OPTIMIZATION_LEVEL = 0;
				GCC_PREPROCESSOR_DEFINITIONS = (
					"DEBUG=1",
					"$(inherited)",
				);
				GCC_WARN_64_TO_32_BIT_CONVERSION = YES;
				GCC_WARN_ABOUT_RETURN_TYPE = YES_ERROR;
				GCC_WARN_UNDECLARED_SELECTOR = YES;
				GCC_WARN_UNINITIALIZED_AUTOS = YES_AGGRESSIVE;
				GCC_WARN_UNUSED_FUNCTION = YES;
				GCC_WARN_UNUSED_VARIABLE = YES;
				IPHONEOS_DEPLOYMENT_TARGET = 13.5;
				MTL_ENABLE_DEBUG_INFO = INCLUDE_SOURCE;
				MTL_FAST_MATH = YES;
				ONLY_ACTIVE_ARCH = YES;
				SDKROOT = iphoneos;
				SWIFT_ACTIVE_COMPILATION_CONDITIONS = DEBUG;
				SWIFT_OPTIMIZATION_LEVEL = "-Onone";
			};
			name = Debug;
		};
		99F418DF2486986600E41E6E /* Release */ = {
			isa = XCBuildConfiguration;
			buildSettings = {
				ALWAYS_SEARCH_USER_PATHS = NO;
				CLANG_ANALYZER_NONNULL = YES;
				CLANG_ANALYZER_NUMBER_OBJECT_CONVERSION = YES_AGGRESSIVE;
				CLANG_CXX_LANGUAGE_STANDARD = "gnu++14";
				CLANG_CXX_LIBRARY = "libc++";
				CLANG_ENABLE_MODULES = YES;
				CLANG_ENABLE_OBJC_ARC = YES;
				CLANG_ENABLE_OBJC_WEAK = YES;
				CLANG_WARN_BLOCK_CAPTURE_AUTORELEASING = YES;
				CLANG_WARN_BOOL_CONVERSION = YES;
				CLANG_WARN_COMMA = YES;
				CLANG_WARN_CONSTANT_CONVERSION = YES;
				CLANG_WARN_DEPRECATED_OBJC_IMPLEMENTATIONS = YES;
				CLANG_WARN_DIRECT_OBJC_ISA_USAGE = YES_ERROR;
				CLANG_WARN_DOCUMENTATION_COMMENTS = YES;
				CLANG_WARN_EMPTY_BODY = YES;
				CLANG_WARN_ENUM_CONVERSION = YES;
				CLANG_WARN_INFINITE_RECURSION = YES;
				CLANG_WARN_INT_CONVERSION = YES;
				CLANG_WARN_NON_LITERAL_NULL_CONVERSION = YES;
				CLANG_WARN_OBJC_IMPLICIT_RETAIN_SELF = YES;
				CLANG_WARN_OBJC_LITERAL_CONVERSION = YES;
				CLANG_WARN_OBJC_ROOT_CLASS = YES_ERROR;
				CLANG_WARN_RANGE_LOOP_ANALYSIS = YES;
				CLANG_WARN_STRICT_PROTOTYPES = YES;
				CLANG_WARN_SUSPICIOUS_MOVE = YES;
				CLANG_WARN_UNGUARDED_AVAILABILITY = YES_AGGRESSIVE;
				CLANG_WARN_UNREACHABLE_CODE = YES;
				CLANG_WARN__DUPLICATE_METHOD_MATCH = YES;
				COPY_PHASE_STRIP = NO;
				DEBUG_INFORMATION_FORMAT = "dwarf-with-dsym";
				ENABLE_NS_ASSERTIONS = NO;
				ENABLE_STRICT_OBJC_MSGSEND = YES;
				GCC_C_LANGUAGE_STANDARD = gnu11;
				GCC_NO_COMMON_BLOCKS = YES;
				GCC_WARN_64_TO_32_BIT_CONVERSION = YES;
				GCC_WARN_ABOUT_RETURN_TYPE = YES_ERROR;
				GCC_WARN_UNDECLARED_SELECTOR = YES;
				GCC_WARN_UNINITIALIZED_AUTOS = YES_AGGRESSIVE;
				GCC_WARN_UNUSED_FUNCTION = YES;
				GCC_WARN_UNUSED_VARIABLE = YES;
				IPHONEOS_DEPLOYMENT_TARGET = 13.5;
				MTL_ENABLE_DEBUG_INFO = NO;
				MTL_FAST_MATH = YES;
				SDKROOT = iphoneos;
				SWIFT_COMPILATION_MODE = wholemodule;
				SWIFT_OPTIMIZATION_LEVEL = "-O";
				VALIDATE_PRODUCT = YES;
			};
			name = Release;
		};
		99F418E12486986600E41E6E /* Debug */ = {
			isa = XCBuildConfiguration;
			buildSettings = {
				ASSETCATALOG_COMPILER_APPICON_NAME = AppIcon;
				CODE_SIGN_STYLE = Automatic;
				DEVELOPMENT_TEAM = F3G27URJF5;
				INFOPLIST_FILE = practiceCodables/Info.plist;
				LD_RUNPATH_SEARCH_PATHS = (
					"$(inherited)",
					"@executable_path/Frameworks",
				);
				PRODUCT_BUNDLE_IDENTIFIER = Alberto.practiceCodables;
				PRODUCT_NAME = "$(TARGET_NAME)";
				SWIFT_VERSION = 5.0;
				TARGETED_DEVICE_FAMILY = "1,2";
			};
			name = Debug;
		};
		99F418E22486986600E41E6E /* Release */ = {
			isa = XCBuildConfiguration;
			buildSettings = {
				ASSETCATALOG_COMPILER_APPICON_NAME = AppIcon;
				CODE_SIGN_STYLE = Automatic;
				DEVELOPMENT_TEAM = F3G27URJF5;
				INFOPLIST_FILE = practiceCodables/Info.plist;
				LD_RUNPATH_SEARCH_PATHS = (
					"$(inherited)",
					"@executable_path/Frameworks",
				);
				PRODUCT_BUNDLE_IDENTIFIER = Alberto.practiceCodables;
				PRODUCT_NAME = "$(TARGET_NAME)";
				SWIFT_VERSION = 5.0;
				TARGETED_DEVICE_FAMILY = "1,2";
			};
			name = Release;
		};
/* End XCBuildConfiguration section */

/* Begin XCConfigurationList section */
		99F418C72486986400E41E6E /* Build configuration list for PBXProject "practiceCodables" */ = {
			isa = XCConfigurationList;
			buildConfigurations = (
				99F418DE2486986600E41E6E /* Debug */,
				99F418DF2486986600E41E6E /* Release */,
			);
			defaultConfigurationIsVisible = 0;
			defaultConfigurationName = Release;
		};
		99F418E02486986600E41E6E /* Build configuration list for PBXNativeTarget "practiceCodables" */ = {
			isa = XCConfigurationList;
			buildConfigurations = (
				99F418E12486986600E41E6E /* Debug */,
				99F418E22486986600E41E6E /* Release */,
			);
			defaultConfigurationIsVisible = 0;
			defaultConfigurationName = Release;
		};
/* End XCConfigurationList section */
	};
	rootObject = 99F418C42486986400E41E6E /* Project object */;
}
